// !$*UTF8*$!
{
	archiveVersion = 1;
	classes = {
	};
	objectVersion = 50;
	objects = {

/* Begin PBXBuildFile section */
		132FBA902136121E00A0B10D /* AppDelegate.swift in Sources */ = {isa = PBXBuildFile; fileRef = 132FBA8F2136121E00A0B10D /* AppDelegate.swift */; };
		132FBA922136121E00A0B10D /* ViewController.swift in Sources */ = {isa = PBXBuildFile; fileRef = 132FBA912136121E00A0B10D /* ViewController.swift */; };
		132FBA952136121E00A0B10D /* Main.storyboard in Resources */ = {isa = PBXBuildFile; fileRef = 132FBA932136121E00A0B10D /* Main.storyboard */; };
		132FBA972136121E00A0B10D /* Assets.xcassets in Resources */ = {isa = PBXBuildFile; fileRef = 132FBA962136121E00A0B10D /* Assets.xcassets */; };
		132FBA9A2136121E00A0B10D /* LaunchScreen.storyboard in Resources */ = {isa = PBXBuildFile; fileRef = 132FBA982136121E00A0B10D /* LaunchScreen.storyboard */; };
		132FBAA52136121F00A0B10D /* calculatorTests.swift in Sources */ = {isa = PBXBuildFile; fileRef = 132FBAA42136121F00A0B10D /* calculatorTests.swift */; };
		132FBAB02136121F00A0B10D /* calculatorUITests.swift in Sources */ = {isa = PBXBuildFile; fileRef = 132FBAAF2136121F00A0B10D /* calculatorUITests.swift */; };
/* End PBXBuildFile section */

/* Begin PBXContainerItemProxy section */
		132FBAA12136121F00A0B10D /* PBXContainerItemProxy */ = {
			isa = PBXContainerItemProxy;
			containerPortal = 132FBA842136121E00A0B10D /* Project object */;
			proxyType = 1;
			remoteGlobalIDString = 132FBA8B2136121E00A0B10D;
			remoteInfo = calculator;
		};
		132FBAAC2136121F00A0B10D /* PBXContainerItemProxy */ = {
			isa = PBXContainerItemProxy;
			containerPortal = 132FBA842136121E00A0B10D /* Project object */;
			proxyType = 1;
			remoteGlobalIDString = 132FBA8B2136121E00A0B10D;
			remoteInfo = calculator;
		};
/* End PBXContainerItemProxy section */

/* Begin PBXFileReference section */
		132FBA8C2136121E00A0B10D /* calculator.app */ = {isa = PBXFileReference; explicitFileType = wrapper.application; includeInIndex = 0; path = calculator.app; sourceTree = BUILT_PRODUCTS_DIR; };
		132FBA8F2136121E00A0B10D /* AppDelegate.swift */ = {isa = PBXFileReference; lastKnownFileType = sourcecode.swift; path = AppDelegate.swift; sourceTree = "<group>"; };
		132FBA912136121E00A0B10D /* ViewController.swift */ = {isa = PBXFileReference; lastKnownFileType = sourcecode.swift; path = ViewController.swift; sourceTree = "<group>"; };
		132FBA942136121E00A0B10D /* Base */ = {isa = PBXFileReference; lastKnownFileType = file.storyboard; name = Base; path = Base.lproj/Main.storyboard; sourceTree = "<group>"; };
		132FBA962136121E00A0B10D /* Assets.xcassets */ = {isa = PBXFileReference; lastKnownFileType = folder.assetcatalog; path = Assets.xcassets; sourceTree = "<group>"; };
		132FBA992136121E00A0B10D /* Base */ = {isa = PBXFileReference; lastKnownFileType = file.storyboard; name = Base; path = Base.lproj/LaunchScreen.storyboard; sourceTree = "<group>"; };
		132FBA9B2136121F00A0B10D /* Info.plist */ = {isa = PBXFileReference; lastKnownFileType = text.plist.xml; path = Info.plist; sourceTree = "<group>"; };
		132FBAA02136121F00A0B10D /* calculatorTests.xctest */ = {isa = PBXFileReference; explicitFileType = wrapper.cfbundle; includeInIndex = 0; path = calculatorTests.xctest; sourceTree = BUILT_PRODUCTS_DIR; };
		132FBAA42136121F00A0B10D /* calculatorTests.swift */ = {isa = PBXFileReference; lastKnownFileType = sourcecode.swift; path = calculatorTests.swift; sourceTree = "<group>"; };
		132FBAA62136121F00A0B10D /* Info.plist */ = {isa = PBXFileReference; lastKnownFileType = text.plist.xml; path = Info.plist; sourceTree = "<group>"; };
		132FBAAB2136121F00A0B10D /* calculatorUITests.xctest */ = {isa = PBXFileReference; explicitFileType = wrapper.cfbundle; includeInIndex = 0; path = calculatorUITests.xctest; sourceTree = BUILT_PRODUCTS_DIR; };
		132FBAAF2136121F00A0B10D /* calculatorUITests.swift */ = {isa = PBXFileReference; lastKnownFileType = sourcecode.swift; path = calculatorUITests.swift; sourceTree = "<group>"; };
		132FBAB12136121F00A0B10D /* Info.plist */ = {isa = PBXFileReference; lastKnownFileType = text.plist.xml; path = Info.plist; sourceTree = "<group>"; };
/* End PBXFileReference section */

/* Begin PBXFrameworksBuildPhase section */
		132FBA892136121E00A0B10D /* Frameworks */ = {
			isa = PBXFrameworksBuildPhase;
			buildActionMask = 2147483647;
			files = (
			);
			runOnlyForDeploymentPostprocessing = 0;
		};
		132FBA9D2136121F00A0B10D /* Frameworks */ = {
			isa = PBXFrameworksBuildPhase;
			buildActionMask = 2147483647;
			files = (
			);
			runOnlyForDeploymentPostprocessing = 0;
		};
		132FBAA82136121F00A0B10D /* Frameworks */ = {
			isa = PBXFrameworksBuildPhase;
			buildActionMask = 2147483647;
			files = (
			);
			runOnlyForDeploymentPostprocessing = 0;
		};
/* End PBXFrameworksBuildPhase section */

/* Begin PBXGroup section */
		132FBA832136121E00A0B10D = {
			isa = PBXGroup;
			children = (
				132FBA8E2136121E00A0B10D /* calculator */,
				132FBAA32136121F00A0B10D /* calculatorTests */,
				132FBAAE2136121F00A0B10D /* calculatorUITests */,
				132FBA8D2136121E00A0B10D /* Products */,
			);
			sourceTree = "<group>";
		};
		132FBA8D2136121E00A0B10D /* Products */ = {
			isa = PBXGroup;
			children = (
				132FBA8C2136121E00A0B10D /* calculator.app */,
				132FBAA02136121F00A0B10D /* calculatorTests.xctest */,
				132FBAAB2136121F00A0B10D /* calculatorUITests.xctest */,
			);
			name = Products;
			sourceTree = "<group>";
		};
		132FBA8E2136121E00A0B10D /* calculator */ = {
			isa = PBXGroup;
			children = (
				132FBA8F2136121E00A0B10D /* AppDelegate.swift */,
				132FBA912136121E00A0B10D /* ViewController.swift */,
				132FBA932136121E00A0B10D /* Main.storyboard */,
				132FBA962136121E00A0B10D /* Assets.xcassets */,
				132FBA982136121E00A0B10D /* LaunchScreen.storyboard */,
				132FBA9B2136121F00A0B10D /* Info.plist */,
			);
			path = calculator;
			sourceTree = "<group>";
		};
		132FBAA32136121F00A0B10D /* calculatorTests */ = {
			isa = PBXGroup;
			children = (
				132FBAA42136121F00A0B10D /* calculatorTests.swift */,
				132FBAA62136121F00A0B10D /* Info.plist */,
			);
			path = calculatorTests;
			sourceTree = "<group>";
		};
		132FBAAE2136121F00A0B10D /* calculatorUITests */ = {
			isa = PBXGroup;
			children = (
				132FBAAF2136121F00A0B10D /* calculatorUITests.swift */,
				132FBAB12136121F00A0B10D /* Info.plist */,
			);
			path = calculatorUITests;
			sourceTree = "<group>";
		};
/* End PBXGroup section */

/* Begin PBXNativeTarget section */
		132FBA8B2136121E00A0B10D /* calculator */ = {
			isa = PBXNativeTarget;
			buildConfigurationList = 132FBAB42136121F00A0B10D /* Build configuration list for PBXNativeTarget "calculator" */;
			buildPhases = (
				132FBA882136121E00A0B10D /* Sources */,
				132FBA892136121E00A0B10D /* Frameworks */,
				132FBA8A2136121E00A0B10D /* Resources */,
			);
			buildRules = (
			);
			dependencies = (
			);
			name = calculator;
			productName = calculator;
			productReference = 132FBA8C2136121E00A0B10D /* calculator.app */;
			productType = "com.apple.product-type.application";
		};
		132FBA9F2136121F00A0B10D /* calculatorTests */ = {
			isa = PBXNativeTarget;
			buildConfigurationList = 132FBAB72136121F00A0B10D /* Build configuration list for PBXNativeTarget "calculatorTests" */;
			buildPhases = (
				132FBA9C2136121F00A0B10D /* Sources */,
				132FBA9D2136121F00A0B10D /* Frameworks */,
				132FBA9E2136121F00A0B10D /* Resources */,
			);
			buildRules = (
			);
			dependencies = (
				132FBAA22136121F00A0B10D /* PBXTargetDependency */,
			);
			name = calculatorTests;
			productName = calculatorTests;
			productReference = 132FBAA02136121F00A0B10D /* calculatorTests.xctest */;
			productType = "com.apple.product-type.bundle.unit-test";
		};
		132FBAAA2136121F00A0B10D /* calculatorUITests */ = {
			isa = PBXNativeTarget;
			buildConfigurationList = 132FBABA2136121F00A0B10D /* Build configuration list for PBXNativeTarget "calculatorUITests" */;
			buildPhases = (
				132FBAA72136121F00A0B10D /* Sources */,
				132FBAA82136121F00A0B10D /* Frameworks */,
				132FBAA92136121F00A0B10D /* Resources */,
			);
			buildRules = (
			);
			dependencies = (
				132FBAAD2136121F00A0B10D /* PBXTargetDependency */,
			);
			name = calculatorUITests;
			productName = calculatorUITests;
			productReference = 132FBAAB2136121F00A0B10D /* calculatorUITests.xctest */;
			productType = "com.apple.product-type.bundle.ui-testing";
		};
/* End PBXNativeTarget section */

/* Begin PBXProject section */
		132FBA842136121E00A0B10D /* Project object */ = {
			isa = PBXProject;
			attributes = {
				LastSwiftUpdateCheck = 0940;
				LastUpgradeCheck = 0940;
				ORGANIZATIONNAME = user169313;
				TargetAttributes = {
					132FBA8B2136121E00A0B10D = {
						CreatedOnToolsVersion = 9.4.1;
					};
					132FBA9F2136121F00A0B10D = {
						CreatedOnToolsVersion = 9.4.1;
						TestTargetID = 132FBA8B2136121E00A0B10D;
					};
					132FBAAA2136121F00A0B10D = {
						CreatedOnToolsVersion = 9.4.1;
						TestTargetID = 132FBA8B2136121E00A0B10D;
					};
				};
			};
			buildConfigurationList = 132FBA872136121E00A0B10D /* Build configuration list for PBXProject "calculator" */;
			compatibilityVersion = "Xcode 9.3";
			developmentRegion = en;
			hasScannedForEncodings = 0;
			knownRegions = (
				en,
				Base,
			);
			mainGroup = 132FBA832136121E00A0B10D;
			productRefGroup = 132FBA8D2136121E00A0B10D /* Products */;
			projectDirPath = "";
			projectRoot = "";
			targets = (
				132FBA8B2136121E00A0B10D /* calculator */,
				132FBA9F2136121F00A0B10D /* calculatorTests */,
				132FBAAA2136121F00A0B10D /* calculatorUITests */,
			);
		};
/* End PBXProject section */

/* Begin PBXResourcesBuildPhase section */
		132FBA8A2136121E00A0B10D /* Resources */ = {
			isa = PBXResourcesBuildPhase;
			buildActionMask = 2147483647;
			files = (
				132FBA9A2136121E00A0B10D /* LaunchScreen.storyboard in Resources */,
				132FBA972136121E00A0B10D /* Assets.xcassets in Resources */,
				132FBA952136121E00A0B10D /* Main.storyboard in Resources */,
			);
			runOnlyForDeploymentPostprocessing = 0;
		};
		132FBA9E2136121F00A0B10D /* Resources */ = {
			isa = PBXResourcesBuildPhase;
			buildActionMask = 2147483647;
			files = (
			);
			runOnlyForDeploymentPostprocessing = 0;
		};
		132FBAA92136121F00A0B10D /* Resources */ = {
			isa = PBXResourcesBuildPhase;
			buildActionMask = 2147483647;
			files = (
			);
			runOnlyForDeploymentPostprocessing = 0;
		};
/* End PBXResourcesBuildPhase section */

/* Begin PBXSourcesBuildPhase section */
		132FBA882136121E00A0B10D /* Sources */ = {
			isa = PBXSourcesBuildPhase;
			buildActionMask = 2147483647;
			files = (
				132FBA922136121E00A0B10D /* ViewController.swift in Sources */,
				132FBA902136121E00A0B10D /* AppDelegate.swift in Sources */,
			);
			runOnlyForDeploymentPostprocessing = 0;
		};
		132FBA9C2136121F00A0B10D /* Sources */ = {
			isa = PBXSourcesBuildPhase;
			buildActionMask = 2147483647;
			files = (
				132FBAA52136121F00A0B10D /* calculatorTests.swift in Sources */,
			);
			runOnlyForDeploymentPostprocessing = 0;
		};
		132FBAA72136121F00A0B10D /* Sources */ = {
			isa = PBXSourcesBuildPhase;
			buildActionMask = 2147483647;
			files = (
				132FBAB02136121F00A0B10D /* calculatorUITests.swift in Sources */,
			);
			runOnlyForDeploymentPostprocessing = 0;
		};
/* End PBXSourcesBuildPhase section */

/* Begin PBXTargetDependency section */
		132FBAA22136121F00A0B10D /* PBXTargetDependency */ = {
			isa = PBXTargetDependency;
			target = 132FBA8B2136121E00A0B10D /* calculator */;
			targetProxy = 132FBAA12136121F00A0B10D /* PBXContainerItemProxy */;
		};
		132FBAAD2136121F00A0B10D /* PBXTargetDependency */ = {
			isa = PBXTargetDependency;
			target = 132FBA8B2136121E00A0B10D /* calculator */;
			targetProxy = 132FBAAC2136121F00A0B10D /* PBXContainerItemProxy */;
		};
/* End PBXTargetDependency section */

/* Begin PBXVariantGroup section */
		132FBA932136121E00A0B10D /* Main.storyboard */ = {
			isa = PBXVariantGroup;
			children = (
				132FBA942136121E00A0B10D /* Base */,
			);
			name = Main.storyboard;
			sourceTree = "<group>";
		};
		132FBA982136121E00A0B10D /* LaunchScreen.storyboard */ = {
			isa = PBXVariantGroup;
			children = (
				132FBA992136121E00A0B10D /* Base */,
			);
			name = LaunchScreen.storyboard;
			sourceTree = "<group>";
		};
/* End PBXVariantGroup section */

/* Begin XCBuildConfiguration section */
		132FBAB22136121F00A0B10D /* Debug */ = {
			isa = XCBuildConfiguration;
			buildSettings = {
				ALWAYS_SEARCH_USER_PATHS = NO;
				CLANG_ANALYZER_NONNULL = YES;
				CLANG_ANALYZER_NUMBER_OBJECT_CONVERSION = YES_AGGRESSIVE;
				CLANG_CXX_LANGUAGE_STANDARD = "gnu++14";
				CLANG_CXX_LIBRARY = "libc++";
				CLANG_ENABLE_MODULES = YES;
				CLANG_ENABLE_OBJC_ARC = YES;
				CLANG_ENABLE_OBJC_WEAK = YES;
				CLANG_WARN_BLOCK_CAPTURE_AUTORELEASING = YES;
				CLANG_WARN_BOOL_CONVERSION = YES;
				CLANG_WARN_COMMA = YES;
				CLANG_WARN_CONSTANT_CONVERSION = YES;
				CLANG_WARN_DEPRECATED_OBJC_IMPLEMENTATIONS = YES;
				CLANG_WARN_DIRECT_OBJC_ISA_USAGE = YES_ERROR;
				CLANG_WARN_DOCUMENTATION_COMMENTS = YES;
				CLANG_WARN_EMPTY_BODY = YES;
				CLANG_WARN_ENUM_CONVERSION = YES;
				CLANG_WARN_INFINITE_RECURSION = YES;
				CLANG_WARN_INT_CONVERSION = YES;
				CLANG_WARN_NON_LITERAL_NULL_CONVERSION = YES;
				CLANG_WARN_OBJC_IMPLICIT_RETAIN_SELF = YES;
				CLANG_WARN_OBJC_LITERAL_CONVERSION = YES;
				CLANG_WARN_OBJC_ROOT_CLASS = YES_ERROR;
				CLANG_WARN_RANGE_LOOP_ANALYSIS = YES;
				CLANG_WARN_STRICT_PROTOTYPES = YES;
				CLANG_WARN_SUSPICIOUS_MOVE = YES;
				CLANG_WARN_UNGUARDED_AVAILABILITY = YES_AGGRESSIVE;
				CLANG_WARN_UNREACHABLE_CODE = YES;
				CLANG_WARN__DUPLICATE_METHOD_MATCH = YES;
				CODE_SIGN_IDENTITY = "iPhone Developer";
				COPY_PHASE_STRIP = NO;
				DEBUG_INFORMATION_FORMAT = dwarf;
				ENABLE_STRICT_OBJC_MSGSEND = YES;
				ENABLE_TESTABILITY = YES;
				GCC_C_LANGUAGE_STANDARD = gnu11;
				GCC_DYNAMIC_NO_PIC = NO;
				GCC_NO_COMMON_BLOCKS = YES;
				GCC_OPTIMIZATION_LEVEL = 0;
				GCC_PREPROCESSOR_DEFINITIONS = (
					"DEBUG=1",
					"$(inherited)",
				);
				GCC_WARN_64_TO_32_BIT_CONVERSION = YES;
				GCC_WARN_ABOUT_RETURN_TYPE = YES_ERROR;
				GCC_WARN_UNDECLARED_SELECTOR = YES;
				GCC_WARN_UNINITIALIZED_AUTOS = YES_AGGRESSIVE;
				GCC_WARN_UNUSED_FUNCTION = YES;
				GCC_WARN_UNUSED_VARIABLE = YES;
				IPHONEOS_DEPLOYMENT_TARGET = 11.4;
				MTL_ENABLE_DEBUG_INFO = YES;
				ONLY_ACTIVE_ARCH = YES;
				SDKROOT = iphoneos;
				SWIFT_ACTIVE_COMPILATION_CONDITIONS = DEBUG;
				SWIFT_OPTIMIZATION_LEVEL = "-Onone";
			};
			name = Debug;
		};
		132FBAB32136121F00A0B10D /* Release */ = {
			isa = XCBuildConfiguration;
			buildSettings = {
				ALWAYS_SEARCH_USER_PATHS = NO;
				CLANG_ANALYZER_NONNULL = YES;
				CLANG_ANALYZER_NUMBER_OBJECT_CONVERSION = YES_AGGRESSIVE;
				CLANG_CXX_LANGUAGE_STANDARD = "gnu++14";
				CLANG_CXX_LIBRARY = "libc++";
				CLANG_ENABLE_MODULES = YES;
				CLANG_ENABLE_OBJC_ARC = YES;
				CLANG_ENABLE_OBJC_WEAK = YES;
				CLANG_WARN_BLOCK_CAPTURE_AUTORELEASING = YES;
				CLANG_WARN_BOOL_CONVERSION = YES;
				CLANG_WARN_COMMA = YES;
				CLANG_WARN_CONSTANT_CONVERSION = YES;
				CLANG_WARN_DEPRECATED_OBJC_IMPLEMENTATIONS = YES;
				CLANG_WARN_DIRECT_OBJC_ISA_USAGE = YES_ERROR;
				CLANG_WARN_DOCUMENTATION_COMMENTS = YES;
				CLANG_WARN_EMPTY_BODY = YES;
				CLANG_WARN_ENUM_CONVERSION = YES;
				CLANG_WARN_INFINITE_RECURSION = YES;
				CLANG_WARN_INT_CONVERSION = YES;
				CLANG_WARN_NON_LITERAL_NULL_CONVERSION = YES;
				CLANG_WARN_OBJC_IMPLICIT_RETAIN_SELF = YES;
				CLANG_WARN_OBJC_LITERAL_CONVERSION = YES;
				CLANG_WARN_OBJC_ROOT_CLASS = YES_ERROR;
				CLANG_WARN_RANGE_LOOP_ANALYSIS = YES;
				CLANG_WARN_STRICT_PROTOTYPES = YES;
				CLANG_WARN_SUSPICIOUS_MOVE = YES;
				CLANG_WARN_UNGUARDED_AVAILABILITY = YES_AGGRESSIVE;
				CLANG_WARN_UNREACHABLE_CODE = YES;
				CLANG_WARN__DUPLICATE_METHOD_MATCH = YES;
				CODE_SIGN_IDENTITY = "iPhone Developer";
				COPY_PHASE_STRIP = NO;
				DEBUG_INFORMATION_FORMAT = "dwarf-with-dsym";
				ENABLE_NS_ASSERTIONS = NO;
				ENABLE_STRICT_OBJC_MSGSEND = YES;
				GCC_C_LANGUAGE_STANDARD = gnu11;
				GCC_NO_COMMON_BLOCKS = YES;
				GCC_WARN_64_TO_32_BIT_CONVERSION = YES;
				GCC_WARN_ABOUT_RETURN_TYPE = YES_ERROR;
				GCC_WARN_UNDECLARED_SELECTOR = YES;
				GCC_WARN_UNINITIALIZED_AUTOS = YES_AGGRESSIVE;
				GCC_WARN_UNUSED_FUNCTION = YES;
				GCC_WARN_UNUSED_VARIABLE = YES;
				IPHONEOS_DEPLOYMENT_TARGET = 11.4;
				MTL_ENABLE_DEBUG_INFO = NO;
				SDKROOT = iphoneos;
				SWIFT_COMPILATION_MODE = wholemodule;
				SWIFT_OPTIMIZATION_LEVEL = "-O";
				VALIDATE_PRODUCT = YES;
			};
			name = Release;
		};
		132FBAB52136121F00A0B10D /* Debug */ = {
			isa = XCBuildConfiguration;
			buildSettings = {
				ASSETCATALOG_COMPILER_APPICON_NAME = AppIcon;
				CODE_SIGN_STYLE = Automatic;
				INFOPLIST_FILE = calculator/Info.plist;
				LD_RUNPATH_SEARCH_PATHS = (
					"$(inherited)",
					"@executable_path/Frameworks",
				);
				PRODUCT_BUNDLE_IDENTIFIER = user169313.calculator;
				PRODUCT_NAME = "$(TARGET_NAME)";
				SWIFT_VERSION = 4.0;
				TARGETED_DEVICE_FAMILY = "1,2";
			};
			name = Debug;
		};
		132FBAB62136121F00A0B10D /* Release */ = {
			isa = XCBuildConfiguration;
			buildSettings = {
				ASSETCATALOG_COMPILER_APPICON_NAME = AppIcon;
				CODE_SIGN_STYLE = Automatic;
				INFOPLIST_FILE = calculator/Info.plist;
				LD_RUNPATH_SEARCH_PATHS = (
					"$(inherited)",
					"@executable_path/Frameworks",
				);
				PRODUCT_BUNDLE_IDENTIFIER = user169313.calculator;
				PRODUCT_NAME = "$(TARGET_NAME)";
				SWIFT_VERSION = 4.0;
				TARGETED_DEVICE_FAMILY = "1,2";
			};
			name = Release;
		};
		132FBAB82136121F00A0B10D /* Debug */ = {
			isa = XCBuildConfiguration;
			buildSettings = {
				ALWAYS_EMBED_SWIFT_STANDARD_LIBRARIES = YES;
				BUNDLE_LOADER = "$(TEST_HOST)";
				CODE_SIGN_STYLE = Automatic;
				INFOPLIST_FILE = calculatorTests/Info.plist;
				LD_RUNPATH_SEARCH_PATHS = (
					"$(inherited)",
					"@executable_path/Frameworks",
					"@loader_path/Frameworks",
				);
				PRODUCT_BUNDLE_IDENTIFIER = codepath.calculatorTests;
				PRODUCT_NAME = "$(TARGET_NAME)";
				SWIFT_VERSION = 4.0;
				TARGETED_DEVICE_FAMILY = "1,2";
				TEST_HOST = "$(BUILT_PRODUCTS_DIR)/calculator.app/calculator";
			};
			name = Debug;
		};
		132FBAB92136121F00A0B10D /* Release */ = {
			isa = XCBuildConfiguration;
			buildSettings = {
				ALWAYS_EMBED_SWIFT_STANDARD_LIBRARIES = YES;
				BUNDLE_LOADER = "$(TEST_HOST)";
				CODE_SIGN_STYLE = Automatic;
				INFOPLIST_FILE = calculatorTests/Info.plist;
				LD_RUNPATH_SEARCH_PATHS = (
					"$(inherited)",
					"@executable_path/Frameworks",
					"@loader_path/Frameworks",
				);
				PRODUCT_BUNDLE_IDENTIFIER = codepath.calculatorTests;
				PRODUCT_NAME = "$(TARGET_NAME)";
				SWIFT_VERSION = 4.0;
				TARGETED_DEVICE_FAMILY = "1,2";
				TEST_HOST = "$(BUILT_PRODUCTS_DIR)/calculator.app/calculator";
			};
			name = Release;
		};
		132FBABB2136121F00A0B10D /* Debug */ = {
			isa = XCBuildConfiguration;
			buildSettings = {
				ALWAYS_EMBED_SWIFT_STANDARD_LIBRARIES = YES;
				CODE_SIGN_STYLE = Automatic;
				INFOPLIST_FILE = calculatorUITests/Info.plist;
				LD_RUNPATH_SEARCH_PATHS = (
					"$(inherited)",
					"@executable_path/Frameworks",
					"@loader_path/Frameworks",
				);
				PRODUCT_BUNDLE_IDENTIFIER = codepath.calculatorUITests;
				PRODUCT_NAME = "$(TARGET_NAME)";
				SWIFT_VERSION = 4.0;
				TARGETED_DEVICE_FAMILY = "1,2";
				TEST_TARGET_NAME = calculator;
			};
			name = Debug;
		};
		132FBABC2136121F00A0B10D /* Release */ = {
			isa = XCBuildConfiguration;
			buildSettings = {
				ALWAYS_EMBED_SWIFT_STANDARD_LIBRARIES = YES;
				CODE_SIGN_STYLE = Automatic;
				INFOPLIST_FILE = calculatorUITests/Info.plist;
				LD_RUNPATH_SEARCH_PATHS = (
					"$(inherited)",
					"@executable_path/Frameworks",
					"@loader_path/Frameworks",
				);
				PRODUCT_BUNDLE_IDENTIFIER = codepath.calculatorUITests;
				PRODUCT_NAME = "$(TARGET_NAME)";
				SWIFT_VERSION = 4.0;
				TARGETED_DEVICE_FAMILY = "1,2";
				TEST_TARGET_NAME = calculator;
			};
			name = Release;
		};
/* End XCBuildConfiguration section */

/* Begin XCConfigurationList section */
		132FBA872136121E00A0B10D /* Build configuration list for PBXProject "calculator" */ = {
			isa = XCConfigurationList;
			buildConfigurations = (
				132FBAB22136121F00A0B10D /* Debug */,
				132FBAB32136121F00A0B10D /* Release */,
			);
			defaultConfigurationIsVisible = 0;
			defaultConfigurationName = Release;
		};
		132FBAB42136121F00A0B10D /* Build configuration list for PBXNativeTarget "calculator" */ = {
			isa = XCConfigurationList;
			buildConfigurations = (
				132FBAB52136121F00A0B10D /* Debug */,
				132FBAB62136121F00A0B10D /* Release */,
			);
			defaultConfigurationIsVisible = 0;
			defaultConfigurationName = Release;
		};
		132FBAB72136121F00A0B10D /* Build configuration list for PBXNativeTarget "calculatorTests" */ = {
			isa = XCConfigurationList;
			buildConfigurations = (
				132FBAB82136121F00A0B10D /* Debug */,
				132FBAB92136121F00A0B10D /* Release */,
			);
			defaultConfigurationIsVisible = 0;
			defaultConfigurationName = Release;
		};
		132FBABA2136121F00A0B10D /* Build configuration list for PBXNativeTarget "calculatorUITests" */ = {
			isa = XCConfigurationList;
			buildConfigurations = (
				132FBABB2136121F00A0B10D /* Debug */,
				132FBABC2136121F00A0B10D /* Release */,
			);
			defaultConfigurationIsVisible = 0;
			defaultConfigurationName = Release;
		};
/* End XCConfigurationList section */
	};
	rootObject = 132FBA842136121E00A0B10D /* Project object */;
}
